<?xml version="1.0" encoding="utf-8"?>
<Project ToolsVersion="4.0" xmlns="http://schemas.microsoft.com/developer/msbuild/2003">
  <ItemGroup>
    <Filter Include="Source Files">
      <UniqueIdentifier>{4FC737F1-C7A5-4376-A066-2A32D752A2FF}</UniqueIdentifier>
      <Extensions>cpp;c;cc;cxx;def;odl;idl;hpj;bat;asm;asmx</Extensions>
    </Filter>
    <Filter Include="Header Files">
      <UniqueIdentifier>{93995380-89BD-4b04-88EB-625FBE52EBFB}</UniqueIdentifier>
      <Extensions>h;hpp;hxx;hm;inl;inc;xsd</Extensions>
    </Filter>
    <Filter Include="Resource Files">
      <UniqueIdentifier>{67DA6AB6-F800-4c08-8B7A-83BB121AAD01}</UniqueIdentifier>
      <Extensions>rc;ico;cur;bmp;dlg;rc2;rct;bin;rgs;gif;jpg;jpeg;jpe;resx;tiff;tif;png;wav;mfcribbon-ms</Extensions>
    </Filter>
  </ItemGroup>
  <ItemGroup>
    <ClCompile Include="..\src\behaviors\editbehavior.cpp">
      <Filter>Source Files</Filter>
    </ClCompile>
    <ClCompile Include="..\src\behaviors\fpscounterbehavior.cpp">
      <Filter>Source Files</Filter>
    </ClCompile>
    <ClCompile Include="..\src\behaviors\spawnbehavior.cpp">
      <Filter>Source Files</Filter>
    </ClCompile>
    <ClCompile Include="..\src\behaviors\spritebehavior.cpp">
      <Filter>Source Files</Filter>
    </ClCompile>
    <ClCompile Include="..\src\behaviors\windowbehavior.cpp">
      <Filter>Source Files</Filter>
    </ClCompile>
    <ClCompile Include="..\src\core\gameloop.cpp">
      <Filter>Source Files</Filter>
    </ClCompile>
    <ClCompile Include="..\src\core\Scene.cpp">
      <Filter>Source Files</Filter>
    </ClCompile>
    <ClCompile Include="..\src\game\main.cpp">
      <Filter>Source Files</Filter>
    </ClCompile>
    <ClCompile Include="..\src\gameobject\attribute.cpp">
      <Filter>Source Files</Filter>
    </ClCompile>
    <ClCompile Include="..\src\gameobject\behavior.cpp">
      <Filter>Source Files</Filter>
    </ClCompile>
    <ClCompile Include="..\src\gameobject\gameobject.cpp">
      <Filter>Source Files</Filter>
    </ClCompile>
    <ClCompile Include="..\src\gameobject\objectparser.cpp">
      <Filter>Source Files</Filter>
    </ClCompile>
    <ClCompile Include="..\src\gameobject\world.cpp">
      <Filter>Source Files</Filter>
    </ClCompile>
    <ClCompile Include="..\src\json\json_reader.cpp">
      <Filter>Source Files</Filter>
    </ClCompile>
    <ClCompile Include="..\src\json\json_value.cpp">
      <Filter>Source Files</Filter>
    </ClCompile>
    <ClCompile Include="..\src\json\json_writer.cpp">
      <Filter>Source Files</Filter>
    </ClCompile>
    <ClCompile Include="..\src\math\Vector2.cpp">
      <Filter>Source Files</Filter>
    </ClCompile>
    <ClCompile Include="..\src\util\base64.cpp">
      <Filter>Source Files</Filter>
    </ClCompile>
    <ClCompile Include="..\src\util\FileSystem.cpp">
      <Filter>Source Files</Filter>
    </ClCompile>
    <ClCompile Include="..\src\util\FPSCounter.cpp">
      <Filter>Source Files</Filter>
    </ClCompile>
    <ClCompile Include="..\src\util\Logger.cpp">
      <Filter>Source Files</Filter>
    </ClCompile>
    <ClCompile Include="..\src\util\MemoryManager.cpp">
      <Filter>Source Files</Filter>
    </ClCompile>
    <ClCompile Include="..\src\util\Profile.cpp">
      <Filter>Source Files</Filter>
    </ClCompile>
    <ClCompile Include="..\src\behaviors\objectcontainerbehavior.cpp">
      <Filter>Source Files</Filter>
    </ClCompile>
    <ClCompile Include="..\src\behaviors\screendirectorbehavior.cpp">
      <Filter>Source Files</Filter>
    </ClCompile>
    <ClCompile Include="..\src\behaviors\textboxbehavior.cpp">
      <Filter>Source Files</Filter>
    </ClCompile>
    <ClCompile Include="..\src\behaviors\textinputbehavior.cpp">
      <Filter>Source Files</Filter>
    </ClCompile>
    <ClCompile Include="..\src\game\logobehavior.cpp">
      <Filter>Source Files</Filter>
    </ClCompile>
    <ClCompile Include="..\src\screen\screen.cpp">
      <Filter>Source Files</Filter>
    </ClCompile>
    <ClCompile Include="..\src\screen\screendirector.cpp">
      <Filter>Source Files</Filter>
    </ClCompile>
    <ClCompile Include="..\src\gameobject\message.cpp">
      <Filter>Source Files</Filter>
    </ClCompile>
    <ClCompile Include="..\src\gameobject\worldserializer.cpp">
      <Filter>Source Files</Filter>
    </ClCompile>
    <ClCompile Include="..\src\video\spriteanimation.cpp">
      <Filter>Source Files</Filter>
    </ClCompile>
    <ClCompile Include="..\src\behaviors\musicplayerbehavior.cpp">
      <Filter>Source Files</Filter>
    </ClCompile>
    <ClCompile Include="..\src\behaviors\soundplayerbehavior.cpp">
      <Filter>Source Files</Filter>
    </ClCompile>
    <ClCompile Include="..\src\resource\resourcemanager.cpp">
      <Filter>Source Files</Filter>
    </ClCompile>
    <ClCompile Include="..\src\resource\resourcepack.cpp">
      <Filter>Source Files</Filter>
    </ClCompile>
    <ClCompile Include="..\src\game\actionsendmessagebehavior.cpp">
      <Filter>Source Files</Filter>
    </ClCompile>
    <ClCompile Include="..\src\game\conditiononclickbehavior.cpp">
      <Filter>Source Files</Filter>
    </ClCompile>
    <ClCompile Include="..\src\game\dialogue.cpp">
      <Filter>Source Files</Filter>
    </ClCompile>
    <ClCompile Include="..\src\game\dialoguecontrolbehavior.cpp">
      <Filter>Source Files</Filter>
    </ClCompile>
    <ClCompile Include="..\src\game\dialoguenode.cpp">
      <Filter>Source Files</Filter>
    </ClCompile>
    <ClCompile Include="..\src\game\phonecontrollerbehavior.cpp">
      <Filter>Source Files</Filter>
    </ClCompile>
    <ClCompile Include="..\src\util\gzstream.cpp">
      <Filter>Source Files</Filter>
    </ClCompile>
    <ClCompile Include="..\src\behaviors\shapebehavior.cpp">
      <Filter>Source Files</Filter>
    </ClCompile>
    <ClCompile Include="..\src\behaviors\triggerbehavior.cpp">
      <Filter>Source Files</Filter>
    </ClCompile>
    <ClCompile Include="..\src\video\animatedsprite.cpp">
      <Filter>Source Files</Filter>
    </ClCompile>
  </ItemGroup>
  <ItemGroup>
    <ClInclude Include="..\src\behaviors\editbehavior.h">
      <Filter>Header Files</Filter>
    </ClInclude>
    <ClInclude Include="..\src\behaviors\fpscounterbehavior.h">
      <Filter>Header Files</Filter>
    </ClInclude>
    <ClInclude Include="..\src\behaviors\gamebehaviors.h">
      <Filter>Header Files</Filter>
    </ClInclude>
    <ClInclude Include="..\src\behaviors\spawnbehavior.h">
      <Filter>Header Files</Filter>
    </ClInclude>
    <ClInclude Include="..\src\behaviors\spritebehavior.h">
      <Filter>Header Files</Filter>
    </ClInclude>
    <ClInclude Include="..\src\behaviors\windowbehavior.h">
      <Filter>Header Files</Filter>
    </ClInclude>
    <ClInclude Include="..\src\core\Assert.h">
      <Filter>Header Files</Filter>
    </ClInclude>
    <ClInclude Include="..\src\core\BaseObject.h">
      <Filter>Header Files</Filter>
    </ClInclude>
    <ClInclude Include="..\src\core\gameloop.h">
      <Filter>Header Files</Filter>
    </ClInclude>
    <ClInclude Include="..\src\core\Scene.h">
      <Filter>Header Files</Filter>
    </ClInclude>
    <ClInclude Include="..\src\core\Types.h">
      <Filter>Header Files</Filter>
    </ClInclude>
    <ClInclude Include="..\src\dllexport.h">
      <Filter>Header Files</Filter>
    </ClInclude>
    <ClInclude Include="..\src\gameobject\attribute.h">
      <Filter>Header Files</Filter>
    </ClInclude>
    <ClInclude Include="..\src\gameobject\behavior.h">
      <Filter>Header Files</Filter>
    </ClInclude>
    <ClInclude Include="..\src\gameobject\gameobject.h">
      <Filter>Header Files</Filter>
    </ClInclude>
    <ClInclude Include="..\src\gameobject\objectparser.h">
      <Filter>Header Files</Filter>
    </ClInclude>
    <ClInclude Include="..\src\gameobject\world.h">
      <Filter>Header Files</Filter>
    </ClInclude>
    <ClInclude Include="..\src\hierophantengine.h">
      <Filter>Header Files</Filter>
    </ClInclude>
    <ClInclude Include="..\src\json\autolink.h">
      <Filter>Header Files</Filter>
    </ClInclude>
    <ClInclude Include="..\src\json\config.h">
      <Filter>Header Files</Filter>
    </ClInclude>
    <ClInclude Include="..\src\json\features.h">
      <Filter>Header Files</Filter>
    </ClInclude>
    <ClInclude Include="..\src\json\forwards.h">
      <Filter>Header Files</Filter>
    </ClInclude>
    <ClInclude Include="..\src\json\json.h">
      <Filter>Header Files</Filter>
    </ClInclude>
    <ClInclude Include="..\src\json\json_batchallocator.h">
      <Filter>Header Files</Filter>
    </ClInclude>
    <ClInclude Include="..\src\json\reader.h">
      <Filter>Header Files</Filter>
    </ClInclude>
    <ClInclude Include="..\src\json\value.h">
      <Filter>Header Files</Filter>
    </ClInclude>
    <ClInclude Include="..\src\json\writer.h">
      <Filter>Header Files</Filter>
    </ClInclude>
    <ClInclude Include="..\src\math\MathUtil.h">
      <Filter>Header Files</Filter>
    </ClInclude>
    <ClInclude Include="..\src\math\Rect.h">
      <Filter>Header Files</Filter>
    </ClInclude>
    <ClInclude Include="..\src\math\Vector2.h">
      <Filter>Header Files</Filter>
    </ClInclude>
    <ClInclude Include="..\src\util\base64.h">
      <Filter>Header Files</Filter>
    </ClInclude>
    <ClInclude Include="..\src\util\FileSystem.h">
      <Filter>Header Files</Filter>
    </ClInclude>
    <ClInclude Include="..\src\util\FPSCounter.h">
      <Filter>Header Files</Filter>
    </ClInclude>
    <ClInclude Include="..\src\util\Logger.h">
      <Filter>Header Files</Filter>
    </ClInclude>
    <ClInclude Include="..\src\util\MemoryManager.h">
      <Filter>Header Files</Filter>
    </ClInclude>
    <ClInclude Include="..\src\util\Profile.h">
      <Filter>Header Files</Filter>
    </ClInclude>
    <ClInclude Include="..\src\util\Util.h">
      <Filter>Header Files</Filter>
    </ClInclude>
    <ClInclude Include="..\src\behaviors\objectcontainerbehavior.h">
      <Filter>Header Files</Filter>
    </ClInclude>
    <ClInclude Include="..\src\behaviors\screendirectorbehavior.h">
      <Filter>Header Files</Filter>
    </ClInclude>
    <ClInclude Include="..\src\behaviors\textboxbehavior.h">
      <Filter>Header Files</Filter>
    </ClInclude>
    <ClInclude Include="..\src\behaviors\textinputbehavior.h">
      <Filter>Header Files</Filter>
    </ClInclude>
    <ClInclude Include="..\src\game\logobehavior.h">
      <Filter>Header Files</Filter>
    </ClInclude>
    <ClInclude Include="..\src\screen\screen.h">
      <Filter>Header Files</Filter>
    </ClInclude>
    <ClInclude Include="..\src\screen\screendirector.h">
      <Filter>Header Files</Filter>
    </ClInclude>
    <ClInclude Include="..\src\gameobject\message.h">
      <Filter>Header Files</Filter>
    </ClInclude>
    <ClInclude Include="..\src\gameobject\worldserializer.h">
      <Filter>Header Files</Filter>
    </ClInclude>
    <ClInclude Include="..\src\video\spriteanimation.h">
      <Filter>Header Files</Filter>
    </ClInclude>
    <ClInclude Include="..\src\behaviors\musicplayerbehavior.h">
      <Filter>Header Files</Filter>
    </ClInclude>
    <ClInclude Include="..\src\behaviors\soundplayerbehavior.h">
      <Filter>Header Files</Filter>
    </ClInclude>
    <ClInclude Include="..\src\resource\resourcemanager.h">
      <Filter>Header Files</Filter>
    </ClInclude>
    <ClInclude Include="..\src\resource\resourcepack.h">
      <Filter>Header Files</Filter>
    </ClInclude>
    <ClInclude Include="..\src\game\actionsendmessagebehavior.h">
      <Filter>Header Files</Filter>
    </ClInclude>
    <ClInclude Include="..\src\game\conditiononclickbehavior.h">
      <Filter>Header Files</Filter>
    </ClInclude>
    <ClInclude Include="..\src\game\dialogue.h">
      <Filter>Header Files</Filter>
    </ClInclude>
    <ClInclude Include="..\src\game\dialoguecontrolbehavior.h">
      <Filter>Header Files</Filter>
    </ClInclude>
    <ClInclude Include="..\src\game\dialoguenode.h">
      <Filter>Header Files</Filter>
    </ClInclude>
    <ClInclude Include="..\src\game\phonecontrollerbehavior.h">
      <Filter>Header Files</Filter>
    </ClInclude>
    <ClInclude Include="..\src\util\gzstream.h">
      <Filter>Header Files</Filter>
    </ClInclude>
    <ClInclude Include="..\src\behaviors\behaviors.h">
      <Filter>Header Files</Filter>
    </ClInclude>
    <ClInclude Include="..\src\behaviors\shapebehavior.h">
      <Filter>Header Files</Filter>
    </ClInclude>
    <ClInclude Include="..\src\behaviors\triggerbehavior.h">
      <Filter>Header Files</Filter>
    </ClInclude>
    <ClInclude Include="..\src\video\animatedsprite.h">
      <Filter>Header Files</Filter>
    </ClInclude>
  </ItemGroup>
  <ItemGroup>
    <None Include="..\src\core\BaseObject.inl">
      <Filter>Header Files</Filter>
    </None>
    <None Include="..\src\gameobject\world.inl">
      <Filter>Header Files</Filter>
    </None>
    <None Include="..\src\json\json_internalarray.inl">
      <Filter>Header Files</Filter>
    </None>
    <None Include="..\src\json\json_internalmap.inl">
      <Filter>Header Files</Filter>
    </None>
    <None Include="..\src\json\json_valueiterator.inl">
      <Filter>Header Files</Filter>
    </None>
    <None Include="..\src\math\Rect.inl">
      <Filter>Header Files</Filter>
    </None>
    <None Include="..\src\math\Vector2.inl">
      <Filter>Header Files</Filter>
    </None>
    <None Include="..\src\util\FPSCounter.inl">
      <Filter>Header Files</Filter>
    </None>
    <None Include="..\src\util\Logger.inl">
      <Filter>Header Files</Filter>
    </None>
    <None Include="..\src\util\MemoryManager.inl">
      <Filter>Header Files</Filter>
    </None>
  </ItemGroup>
</Project>